
Microsoft Visual Studio Solution File, Format Version 12.00
# Visual Studio Version 17
VisualStudioVersion = 17.9.34310.174
MinimumVisualStudioVersion = 10.0.40219.1
Project("{FAE04EC0-301F-11D3-BF4B-00C04F79EFBC}") = "receipt", "receipt.csproj", "{04A8523A-EDB8-43E7-B0CB-809DA080547B}"
EndProject
Global
	GlobalSection(SolutionConfigurationPlatforms) = preSolution
		Debug|Any CPU = Debug|Any CPU
		Release|Any CPU = Release|Any CPU
	EndGlobalSection
	GlobalSection(ProjectConfigurationPlatforms) = postSolution
		{04A8523A-EDB8-43E7-B0CB-809DA080547B}.Debug|Any CPU.ActiveCfg = Debug|Any CPU
		{04A8523A-EDB8-43E7-B0CB-809DA080547B}.Debug|Any CPU.Build.0 = Debug|Any CPU
		{04A8523A-EDB8-43E7-B0CB-809DA080547B}.Release|Any CPU.ActiveCfg = Release|Any CPU
		{04A8523A-EDB8-43E7-B0CB-809DA080547B}.Release|Any CPU.Build.0 = Release|Any CPU
	EndGlobalSection
	GlobalSection(SolutionProperties) = preSolution
		HideSolutionNode = FALSE
	EndGlobalSection
	GlobalSection(ExtensibilityGlobals) = postSolution
		SolutionGuid = {A700B73E-6288-462C-9920-D28F02230AD5}
	EndGlobalSection
EndGlobal
